
Microsoft Visual Studio Solution File, Format Version 12.00
# Visual Studio Version 17
VisualStudioVersion = 17.5.33502.453
MinimumVisualStudioVersion = 10.0.40219.1
Project("{FAE04EC0-301F-11D3-BF4B-00C04F79EFBC}") = "punktWokregu", "punktWokregu.csproj", "{A22C85A6-F716-4720-87A4-D706FE6B3A7F}"
EndProject
Global
	GlobalSection(SolutionConfigurationPlatforms) = preSolution
		Debug|Any CPU = Debug|Any CPU
		Release|Any CPU = Release|Any CPU
	EndGlobalSection
	GlobalSection(ProjectConfigurationPlatforms) = postSolution
		{A22C85A6-F716-4720-87A4-D706FE6B3A7F}.Debug|Any CPU.ActiveCfg = Debug|Any CPU
		{A22C85A6-F716-4720-87A4-D706FE6B3A7F}.Debug|Any CPU.Build.0 = Debug|Any CPU
		{A22C85A6-F716-4720-87A4-D706FE6B3A7F}.Release|Any CPU.ActiveCfg = Release|Any CPU
		{A22C85A6-F716-4720-87A4-D706FE6B3A7F}.Release|Any CPU.Build.0 = Release|Any CPU
	EndGlobalSection
	GlobalSection(SolutionProperties) = preSolution
		HideSolutionNode = FALSE
	EndGlobalSection
	GlobalSection(ExtensibilityGlobals) = postSolution
		SolutionGuid = {A20DA322-DAA4-4E1B-8AA0-76CC7A070C93}
	EndGlobalSection
EndGlobal
