
Microsoft Visual Studio Solution File, Format Version 12.00
# Visual Studio Version 17
VisualStudioVersion = 17.5.33502.453
MinimumVisualStudioVersion = 10.0.40219.1
Project("{FAE04EC0-301F-11D3-BF4B-00C04F79EFBC}") = "wyznaczanieBMI", "wyznaczanieBMI.csproj", "{0B4B02C5-C18C-4AAC-B751-7C0800D148E6}"
EndProject
Global
	GlobalSection(SolutionConfigurationPlatforms) = preSolution
		Debug|Any CPU = Debug|Any CPU
		Release|Any CPU = Release|Any CPU
	EndGlobalSection
	GlobalSection(ProjectConfigurationPlatforms) = postSolution
		{0B4B02C5-C18C-4AAC-B751-7C0800D148E6}.Debug|Any CPU.ActiveCfg = Debug|Any CPU
		{0B4B02C5-C18C-4AAC-B751-7C0800D148E6}.Debug|Any CPU.Build.0 = Debug|Any CPU
		{0B4B02C5-C18C-4AAC-B751-7C0800D148E6}.Release|Any CPU.ActiveCfg = Release|Any CPU
		{0B4B02C5-C18C-4AAC-B751-7C0800D148E6}.Release|Any CPU.Build.0 = Release|Any CPU
	EndGlobalSection
	GlobalSection(SolutionProperties) = preSolution
		HideSolutionNode = FALSE
	EndGlobalSection
	GlobalSection(ExtensibilityGlobals) = postSolution
		SolutionGuid = {D24CC93F-B0C0-4EF8-9705-3CABC4376489}
	EndGlobalSection
EndGlobal
