
Microsoft Visual Studio Solution File, Format Version 12.00
# Visual Studio Version 17
VisualStudioVersion = 17.5.33502.453
MinimumVisualStudioVersion = 10.0.40219.1
Project("{FAE04EC0-301F-11D3-BF4B-00C04F79EFBC}") = "poleKola", "poleKola.csproj", "{D0CA2F16-89C3-44D0-B26C-32767EDBCF10}"
EndProject
Global
	GlobalSection(SolutionConfigurationPlatforms) = preSolution
		Debug|Any CPU = Debug|Any CPU
		Release|Any CPU = Release|Any CPU
	EndGlobalSection
	GlobalSection(ProjectConfigurationPlatforms) = postSolution
		{D0CA2F16-89C3-44D0-B26C-32767EDBCF10}.Debug|Any CPU.ActiveCfg = Debug|Any CPU
		{D0CA2F16-89C3-44D0-B26C-32767EDBCF10}.Debug|Any CPU.Build.0 = Debug|Any CPU
		{D0CA2F16-89C3-44D0-B26C-32767EDBCF10}.Release|Any CPU.ActiveCfg = Release|Any CPU
		{D0CA2F16-89C3-44D0-B26C-32767EDBCF10}.Release|Any CPU.Build.0 = Release|Any CPU
	EndGlobalSection
	GlobalSection(SolutionProperties) = preSolution
		HideSolutionNode = FALSE
	EndGlobalSection
	GlobalSection(ExtensibilityGlobals) = postSolution
		SolutionGuid = {3A649ED4-C86A-44F3-8DD8-D4F55E236AC0}
	EndGlobalSection
EndGlobal
